// !$*UTF8*$!
{
	archiveVersion = 1;
	classes = {
	};
	objectVersion = 50;
	objects = {

/* Begin PBXBuildFile section */
		CEB8F02120C1116900E4FB90 /* AppDelegate.swift in Sources */ = {isa = PBXBuildFile; fileRef = CEB8F02020C1116900E4FB90 /* AppDelegate.swift */; };
		CEB8F02320C1116900E4FB90 /* ViewController.swift in Sources */ = {isa = PBXBuildFile; fileRef = CEB8F02220C1116900E4FB90 /* ViewController.swift */; };
		CEB8F02620C1116900E4FB90 /* Main.storyboard in Resources */ = {isa = PBXBuildFile; fileRef = CEB8F02420C1116900E4FB90 /* Main.storyboard */; };
		CEB8F02820C1116A00E4FB90 /* Assets.xcassets in Resources */ = {isa = PBXBuildFile; fileRef = CEB8F02720C1116A00E4FB90 /* Assets.xcassets */; };
		CEB8F02B20C1116A00E4FB90 /* LaunchScreen.storyboard in Resources */ = {isa = PBXBuildFile; fileRef = CEB8F02920C1116A00E4FB90 /* LaunchScreen.storyboard */; };
		CEB8F03420C112E000E4FB90 /* MyCell.swift in Sources */ = {isa = PBXBuildFile; fileRef = CEB8F03220C112E000E4FB90 /* MyCell.swift */; };
		CEB8F03520C112E000E4FB90 /* MyCell.xib in Resources */ = {isa = PBXBuildFile; fileRef = CEB8F03320C112E000E4FB90 /* MyCell.xib */; };
/* End PBXBuildFile section */

/* Begin PBXFileReference section */
		CEB8F01D20C1116900E4FB90 /* 20180601 下午.app */ = {isa = PBXFileReference; explicitFileType = wrapper.application; includeInIndex = 0; path = "20180601 下午.app"; sourceTree = BUILT_PRODUCTS_DIR; };
		CEB8F02020C1116900E4FB90 /* AppDelegate.swift */ = {isa = PBXFileReference; lastKnownFileType = sourcecode.swift; path = AppDelegate.swift; sourceTree = "<group>"; };
		CEB8F02220C1116900E4FB90 /* ViewController.swift */ = {isa = PBXFileReference; lastKnownFileType = sourcecode.swift; path = ViewController.swift; sourceTree = "<group>"; };
		CEB8F02520C1116900E4FB90 /* Base */ = {isa = PBXFileReference; lastKnownFileType = file.storyboard; name = Base; path = Base.lproj/Main.storyboard; sourceTree = "<group>"; };
		CEB8F02720C1116A00E4FB90 /* Assets.xcassets */ = {isa = PBXFileReference; lastKnownFileType = folder.assetcatalog; path = Assets.xcassets; sourceTree = "<group>"; };
		CEB8F02A20C1116A00E4FB90 /* Base */ = {isa = PBXFileReference; lastKnownFileType = file.storyboard; name = Base; path = Base.lproj/LaunchScreen.storyboard; sourceTree = "<group>"; };
		CEB8F02C20C1116A00E4FB90 /* Info.plist */ = {isa = PBXFileReference; lastKnownFileType = text.plist.xml; path = Info.plist; sourceTree = "<group>"; };
		CEB8F03220C112E000E4FB90 /* MyCell.swift */ = {isa = PBXFileReference; lastKnownFileType = sourcecode.swift; path = MyCell.swift; sourceTree = "<group>"; };
		CEB8F03320C112E000E4FB90 /* MyCell.xib */ = {isa = PBXFileReference; lastKnownFileType = file.xib; path = MyCell.xib; sourceTree = "<group>"; };
/* End PBXFileReference section */

/* Begin PBXFrameworksBuildPhase section */
		CEB8F01A20C1116900E4FB90 /* Frameworks */ = {
			isa = PBXFrameworksBuildPhase;
			buildActionMask = 2147483647;
			files = (
			);
			runOnlyForDeploymentPostprocessing = 0;
		};
/* End PBXFrameworksBuildPhase section */

/* Begin PBXGroup section */
		CEB8F01420C1116900E4FB90 = {
			isa = PBXGroup;
			children = (
				CEB8F01F20C1116900E4FB90 /* 20180601 下午 */,
				CEB8F01E20C1116900E4FB90 /* Products */,
			);
			sourceTree = "<group>";
		};
		CEB8F01E20C1116900E4FB90 /* Products */ = {
			isa = PBXGroup;
			children = (
				CEB8F01D20C1116900E4FB90 /* 20180601 下午.app */,
			);
			name = Products;
			sourceTree = "<group>";
		};
		CEB8F01F20C1116900E4FB90 /* 20180601 下午 */ = {
			isa = PBXGroup;
			children = (
				CEB8F02020C1116900E4FB90 /* AppDelegate.swift */,
				CEB8F02220C1116900E4FB90 /* ViewController.swift */,
				CEB8F03220C112E000E4FB90 /* MyCell.swift */,
				CEB8F03320C112E000E4FB90 /* MyCell.xib */,
				CEB8F02420C1116900E4FB90 /* Main.storyboard */,
				CEB8F02720C1116A00E4FB90 /* Assets.xcassets */,
				CEB8F02920C1116A00E4FB90 /* LaunchScreen.storyboard */,
				CEB8F02C20C1116A00E4FB90 /* Info.plist */,
			);
			path = "20180601 下午";
			sourceTree = "<group>";
		};
/* End PBXGroup section */

/* Begin PBXNativeTarget section */
		CEB8F01C20C1116900E4FB90 /* 20180601 下午 */ = {
			isa = PBXNativeTarget;
			buildConfigurationList = CEB8F02F20C1116A00E4FB90 /* Build configuration list for PBXNativeTarget "20180601 下午" */;
			buildPhases = (
				CEB8F01920C1116900E4FB90 /* Sources */,
				CEB8F01A20C1116900E4FB90 /* Frameworks */,
				CEB8F01B20C1116900E4FB90 /* Resources */,
			);
			buildRules = (
			);
			dependencies = (
			);
			name = "20180601 下午";
			productName = "20180601 下午";
			productReference = CEB8F01D20C1116900E4FB90 /* 20180601 下午.app */;
			productType = "com.apple.product-type.application";
		};
/* End PBXNativeTarget section */

/* Begin PBXProject section */
		CEB8F01520C1116900E4FB90 /* Project object */ = {
			isa = PBXProject;
			attributes = {
				LastSwiftUpdateCheck = 0940;
				LastUpgradeCheck = 0940;
				ORGANIZATIONNAME = jjj;
				TargetAttributes = {
					CEB8F01C20C1116900E4FB90 = {
						CreatedOnToolsVersion = 9.4;
					};
				};
			};
			buildConfigurationList = CEB8F01820C1116900E4FB90 /* Build configuration list for PBXProject "20180601 下午" */;
			compatibilityVersion = "Xcode 9.3";
			developmentRegion = en;
			hasScannedForEncodings = 0;
			knownRegions = (
				en,
				Base,
			);
			mainGroup = CEB8F01420C1116900E4FB90;
			productRefGroup = CEB8F01E20C1116900E4FB90 /* Products */;
			projectDirPath = "";
			projectRoot = "";
			targets = (
				CEB8F01C20C1116900E4FB90 /* 20180601 下午 */,
			);
		};
/* End PBXProject section */

/* Begin PBXResourcesBuildPhase section */
		CEB8F01B20C1116900E4FB90 /* Resources */ = {
			isa = PBXResourcesBuildPhase;
			buildActionMask = 2147483647;
			files = (
				CEB8F02B20C1116A00E4FB90 /* LaunchScreen.storyboard in Resources */,
				CEB8F03520C112E000E4FB90 /* MyCell.xib in Resources */,
				CEB8F02820C1116A00E4FB90 /* Assets.xcassets in Resources */,
				CEB8F02620C1116900E4FB90 /* Main.storyboard in Resources */,
			);
			runOnlyForDeploymentPostprocessing = 0;
		};
/* End PBXResourcesBuildPhase section */

/* Begin PBXSourcesBuildPhase section */
		CEB8F01920C1116900E4FB90 /* Sources */ = {
			isa = PBXSourcesBuildPhase;
			buildActionMask = 2147483647;
			files = (
				CEB8F03420C112E000E4FB90 /* MyCell.swift in Sources */,
				CEB8F02320C1116900E4FB90 /* ViewController.swift in Sources */,
				CEB8F02120C1116900E4FB90 /* AppDelegate.swift in Sources */,
			);
			runOnlyForDeploymentPostprocessing = 0;
		};
/* End PBXSourcesBuildPhase section */

/* Begin PBXVariantGroup section */
		CEB8F02420C1116900E4FB90 /* Main.storyboard */ = {
			isa = PBXVariantGroup;
			children = (
				CEB8F02520C1116900E4FB90 /* Base */,
			);
			name = Main.storyboard;
			sourceTree = "<group>";
		};
		CEB8F02920C1116A00E4FB90 /* LaunchScreen.storyboard */ = {
			isa = PBXVariantGroup;
			children = (
				CEB8F02A20C1116A00E4FB90 /* Base */,
			);
			name = LaunchScreen.storyboard;
			sourceTree = "<group>";
		};
/* End PBXVariantGroup section */

/* Begin XCBuildConfiguration section */
		CEB8F02D20C1116A00E4FB90 /* Debug */ = {
			isa = XCBuildConfiguration;
			buildSettings = {
				ALWAYS_SEARCH_USER_PATHS = NO;
				CLANG_ANALYZER_NONNULL = YES;
				CLANG_ANALYZER_NUMBER_OBJECT_CONVERSION = YES_AGGRESSIVE;
				CLANG_CXX_LANGUAGE_STANDARD = "gnu++14";
				CLANG_CXX_LIBRARY = "libc++";
				CLANG_ENABLE_MODULES = YES;
				CLANG_ENABLE_OBJC_ARC = YES;
				CLANG_ENABLE_OBJC_WEAK = YES;
				CLANG_WARN_BLOCK_CAPTURE_AUTORELEASING = YES;
				CLANG_WARN_BOOL_CONVERSION = YES;
				CLANG_WARN_COMMA = YES;
				CLANG_WARN_CONSTANT_CONVERSION = YES;
				CLANG_WARN_DEPRECATED_OBJC_IMPLEMENTATIONS = YES;
				CLANG_WARN_DIRECT_OBJC_ISA_USAGE = YES_ERROR;
				CLANG_WARN_DOCUMENTATION_COMMENTS = YES;
				CLANG_WARN_EMPTY_BODY = YES;
				CLANG_WARN_ENUM_CONVERSION = YES;
				CLANG_WARN_INFINITE_RECURSION = YES;
				CLANG_WARN_INT_CONVERSION = YES;
				CLANG_WARN_NON_LITERAL_NULL_CONVERSION = YES;
				CLANG_WARN_OBJC_IMPLICIT_RETAIN_SELF = YES;
				CLANG_WARN_OBJC_LITERAL_CONVERSION = YES;
				CLANG_WARN_OBJC_ROOT_CLASS = YES_ERROR;
				CLANG_WARN_RANGE_LOOP_ANALYSIS = YES;
				CLANG_WARN_STRICT_PROTOTYPES = YES;
				CLANG_WARN_SUSPICIOUS_MOVE = YES;
				CLANG_WARN_UNGUARDED_AVAILABILITY = YES_AGGRESSIVE;
				CLANG_WARN_UNREACHABLE_CODE = YES;
				CLANG_WARN__DUPLICATE_METHOD_MATCH = YES;
				CODE_SIGN_IDENTITY = "iPhone Developer";
				COPY_PHASE_STRIP = NO;
				DEBUG_INFORMATION_FORMAT = dwarf;
				ENABLE_STRICT_OBJC_MSGSEND = YES;
				ENABLE_TESTABILITY = YES;
				GCC_C_LANGUAGE_STANDARD = gnu11;
				GCC_DYNAMIC_NO_PIC = NO;
				GCC_NO_COMMON_BLOCKS = YES;
				GCC_OPTIMIZATION_LEVEL = 0;
				GCC_PREPROCESSOR_DEFINITIONS = (
					"DEBUG=1",
					"$(inherited)",
				);
				GCC_WARN_64_TO_32_BIT_CONVERSION = YES;
				GCC_WARN_ABOUT_RETURN_TYPE = YES_ERROR;
				GCC_WARN_UNDECLARED_SELECTOR = YES;
				GCC_WARN_UNINITIALIZED_AUTOS = YES_AGGRESSIVE;
				GCC_WARN_UNUSED_FUNCTION = YES;
				GCC_WARN_UNUSED_VARIABLE = YES;
				IPHONEOS_DEPLOYMENT_TARGET = 11.4;
				MTL_ENABLE_DEBUG_INFO = YES;
				ONLY_ACTIVE_ARCH = YES;
				SDKROOT = iphoneos;
				SWIFT_ACTIVE_COMPILATION_CONDITIONS = DEBUG;
				SWIFT_OPTIMIZATION_LEVEL = "-Onone";
			};
			name = Debug;
		};
		CEB8F02E20C1116A00E4FB90 /* Release */ = {
			isa = XCBuildConfiguration;
			buildSettings = {
				ALWAYS_SEARCH_USER_PATHS = NO;
				CLANG_ANALYZER_NONNULL = YES;
				CLANG_ANALYZER_NUMBER_OBJECT_CONVERSION = YES_AGGRESSIVE;
				CLANG_CXX_LANGUAGE_STANDARD = "gnu++14";
				CLANG_CXX_LIBRARY = "libc++";
				CLANG_ENABLE_MODULES = YES;
				CLANG_ENABLE_OBJC_ARC = YES;
				CLANG_ENABLE_OBJC_WEAK = YES;
				CLANG_WARN_BLOCK_CAPTURE_AUTORELEASING = YES;
				CLANG_WARN_BOOL_CONVERSION = YES;
				CLANG_WARN_COMMA = YES;
				CLANG_WARN_CONSTANT_CONVERSION = YES;
				CLANG_WARN_DEPRECATED_OBJC_IMPLEMENTATIONS = YES;
				CLANG_WARN_DIRECT_OBJC_ISA_USAGE = YES_ERROR;
				CLANG_WARN_DOCUMENTATION_COMMENTS = YES;
				CLANG_WARN_EMPTY_BODY = YES;
				CLANG_WARN_ENUM_CONVERSION = YES;
				CLANG_WARN_INFINITE_RECURSION = YES;
				CLANG_WARN_INT_CONVERSION = YES;
				CLANG_WARN_NON_LITERAL_NULL_CONVERSION = YES;
				CLANG_WARN_OBJC_IMPLICIT_RETAIN_SELF = YES;
				CLANG_WARN_OBJC_LITERAL_CONVERSION = YES;
				CLANG_WARN_OBJC_ROOT_CLASS = YES_ERROR;
				CLANG_WARN_RANGE_LOOP_ANALYSIS = YES;
				CLANG_WARN_STRICT_PROTOTYPES = YES;
				CLANG_WARN_SUSPICIOUS_MOVE = YES;
				CLANG_WARN_UNGUARDED_AVAILABILITY = YES_AGGRESSIVE;
				CLANG_WARN_UNREACHABLE_CODE = YES;
				CLANG_WARN__DUPLICATE_METHOD_MATCH = YES;
				CODE_SIGN_IDENTITY = "iPhone Developer";
				COPY_PHASE_STRIP = NO;
				DEBUG_INFORMATION_FORMAT = "dwarf-with-dsym";
				ENABLE_NS_ASSERTIONS = NO;
				ENABLE_STRICT_OBJC_MSGSEND = YES;
				GCC_C_LANGUAGE_STANDARD = gnu11;
				GCC_NO_COMMON_BLOCKS = YES;
				GCC_WARN_64_TO_32_BIT_CONVERSION = YES;
				GCC_WARN_ABOUT_RETURN_TYPE = YES_ERROR;
				GCC_WARN_UNDECLARED_SELECTOR = YES;
				GCC_WARN_UNINITIALIZED_AUTOS = YES_AGGRESSIVE;
				GCC_WARN_UNUSED_FUNCTION = YES;
				GCC_WARN_UNUSED_VARIABLE = YES;
				IPHONEOS_DEPLOYMENT_TARGET = 11.4;
				MTL_ENABLE_DEBUG_INFO = NO;
				SDKROOT = iphoneos;
				SWIFT_COMPILATION_MODE = wholemodule;
				SWIFT_OPTIMIZATION_LEVEL = "-O";
				VALIDATE_PRODUCT = YES;
			};
			name = Release;
		};
		CEB8F03020C1116A00E4FB90 /* Debug */ = {
			isa = XCBuildConfiguration;
			buildSettings = {
				ASSETCATALOG_COMPILER_APPICON_NAME = AppIcon;
				CODE_SIGN_STYLE = Automatic;
				DEVELOPMENT_TEAM = 7A8HWA3T89;
				INFOPLIST_FILE = "20180601 下午/Info.plist";
				LD_RUNPATH_SEARCH_PATHS = (
					"$(inherited)",
					"@executable_path/Frameworks",
				);
				PRODUCT_BUNDLE_IDENTIFIER = "tw.-0180601---";
				PRODUCT_NAME = "$(TARGET_NAME)";
				SWIFT_VERSION = 4.0;
				TARGETED_DEVICE_FAMILY = "1,2";
			};
			name = Debug;
		};
		CEB8F03120C1116A00E4FB90 /* Release */ = {
			isa = XCBuildConfiguration;
			buildSettings = {
				ASSETCATALOG_COMPILER_APPICON_NAME = AppIcon;
				CODE_SIGN_STYLE = Automatic;
				DEVELOPMENT_TEAM = 7A8HWA3T89;
				INFOPLIST_FILE = "20180601 下午/Info.plist";
				LD_RUNPATH_SEARCH_PATHS = (
					"$(inherited)",
					"@executable_path/Frameworks",
				);
				PRODUCT_BUNDLE_IDENTIFIER = "tw.-0180601---";
				PRODUCT_NAME = "$(TARGET_NAME)";
				SWIFT_VERSION = 4.0;
				TARGETED_DEVICE_FAMILY = "1,2";
			};
			name = Release;
		};
/* End XCBuildConfiguration section */

/* Begin XCConfigurationList section */
		CEB8F01820C1116900E4FB90 /* Build configuration list for PBXProject "20180601 下午" */ = {
			isa = XCConfigurationList;
			buildConfigurations = (
				CEB8F02D20C1116A00E4FB90 /* Debug */,
				CEB8F02E20C1116A00E4FB90 /* Release */,
			);
			defaultConfigurationIsVisible = 0;
			defaultConfigurationName = Release;
		};
		CEB8F02F20C1116A00E4FB90 /* Build configuration list for PBXNativeTarget "20180601 下午" */ = {
			isa = XCConfigurationList;
			buildConfigurations = (
				CEB8F03020C1116A00E4FB90 /* Debug */,
				CEB8F03120C1116A00E4FB90 /* Release */,
			);
			defaultConfigurationIsVisible = 0;
			defaultConfigurationName = Release;
		};
/* End XCConfigurationList section */
	};
	rootObject = CEB8F01520C1116900E4FB90 /* Project object */;
}
